// !$*UTF8*$!
{
	archiveVersion = 1;
	classes = {
	};
	objectVersion = 56;
	objects = {

/* Begin PBXBuildFile section */
		16CDB2882AD36D5B00955DD3 /* FridayApp.swift in Sources */ = {isa = PBXBuildFile; fileRef = 16CDB2872AD36D5B00955DD3 /* FridayApp.swift */; };
		16CDB28A2AD36D5B00955DD3 /* ContentView.swift in Sources */ = {isa = PBXBuildFile; fileRef = 16CDB2892AD36D5B00955DD3 /* ContentView.swift */; };
		16CDB28C2AD36D5C00955DD3 /* Assets.xcassets in Resources */ = {isa = PBXBuildFile; fileRef = 16CDB28B2AD36D5C00955DD3 /* Assets.xcassets */; };
		16CDB28F2AD36D5C00955DD3 /* Preview Assets.xcassets in Resources */ = {isa = PBXBuildFile; fileRef = 16CDB28E2AD36D5C00955DD3 /* Preview Assets.xcassets */; };
		16CDB2992AD36D5C00955DD3 /* FridayTests.swift in Sources */ = {isa = PBXBuildFile; fileRef = 16CDB2982AD36D5C00955DD3 /* FridayTests.swift */; };
		16CDB2A32AD36D5C00955DD3 /* FridayUITests.swift in Sources */ = {isa = PBXBuildFile; fileRef = 16CDB2A22AD36D5C00955DD3 /* FridayUITests.swift */; };
		16CDB2A52AD36D5C00955DD3 /* FridayUITestsLaunchTests.swift in Sources */ = {isa = PBXBuildFile; fileRef = 16CDB2A42AD36D5C00955DD3 /* FridayUITestsLaunchTests.swift */; };
/* End PBXBuildFile section */

/* Begin PBXContainerItemProxy section */
		16CDB2952AD36D5C00955DD3 /* PBXContainerItemProxy */ = {
			isa = PBXContainerItemProxy;
			containerPortal = 16CDB27C2AD36D5B00955DD3 /* Project object */;
			proxyType = 1;
			remoteGlobalIDString = 16CDB2832AD36D5B00955DD3;
			remoteInfo = Friday;
		};
		16CDB29F2AD36D5C00955DD3 /* PBXContainerItemProxy */ = {
			isa = PBXContainerItemProxy;
			containerPortal = 16CDB27C2AD36D5B00955DD3 /* Project object */;
			proxyType = 1;
			remoteGlobalIDString = 16CDB2832AD36D5B00955DD3;
			remoteInfo = Friday;
		};
/* End PBXContainerItemProxy section */

/* Begin PBXFileReference section */
		16CDB2842AD36D5B00955DD3 /* Friday.app */ = {isa = PBXFileReference; explicitFileType = wrapper.application; includeInIndex = 0; path = Friday.app; sourceTree = BUILT_PRODUCTS_DIR; };
		16CDB2872AD36D5B00955DD3 /* FridayApp.swift */ = {isa = PBXFileReference; lastKnownFileType = sourcecode.swift; path = FridayApp.swift; sourceTree = "<group>"; };
		16CDB2892AD36D5B00955DD3 /* ContentView.swift */ = {isa = PBXFileReference; lastKnownFileType = sourcecode.swift; path = ContentView.swift; sourceTree = "<group>"; };
		16CDB28B2AD36D5C00955DD3 /* Assets.xcassets */ = {isa = PBXFileReference; lastKnownFileType = folder.assetcatalog; path = Assets.xcassets; sourceTree = "<group>"; };
		16CDB28E2AD36D5C00955DD3 /* Preview Assets.xcassets */ = {isa = PBXFileReference; lastKnownFileType = folder.assetcatalog; path = "Preview Assets.xcassets"; sourceTree = "<group>"; };
		16CDB2942AD36D5C00955DD3 /* FridayTests.xctest */ = {isa = PBXFileReference; explicitFileType = wrapper.cfbundle; includeInIndex = 0; path = FridayTests.xctest; sourceTree = BUILT_PRODUCTS_DIR; };
		16CDB2982AD36D5C00955DD3 /* FridayTests.swift */ = {isa = PBXFileReference; lastKnownFileType = sourcecode.swift; path = FridayTests.swift; sourceTree = "<group>"; };
		16CDB29E2AD36D5C00955DD3 /* FridayUITests.xctest */ = {isa = PBXFileReference; explicitFileType = wrapper.cfbundle; includeInIndex = 0; path = FridayUITests.xctest; sourceTree = BUILT_PRODUCTS_DIR; };
		16CDB2A22AD36D5C00955DD3 /* FridayUITests.swift */ = {isa = PBXFileReference; lastKnownFileType = sourcecode.swift; path = FridayUITests.swift; sourceTree = "<group>"; };
		16CDB2A42AD36D5C00955DD3 /* FridayUITestsLaunchTests.swift */ = {isa = PBXFileReference; lastKnownFileType = sourcecode.swift; path = FridayUITestsLaunchTests.swift; sourceTree = "<group>"; };
/* End PBXFileReference section */

/* Begin PBXFrameworksBuildPhase section */
		16CDB2812AD36D5B00955DD3 /* Frameworks */ = {
			isa = PBXFrameworksBuildPhase;
			buildActionMask = 2147483647;
			files = (
			);
			runOnlyForDeploymentPostprocessing = 0;
		};
		16CDB2912AD36D5C00955DD3 /* Frameworks */ = {
			isa = PBXFrameworksBuildPhase;
			buildActionMask = 2147483647;
			files = (
			);
			runOnlyForDeploymentPostprocessing = 0;
		};
		16CDB29B2AD36D5C00955DD3 /* Frameworks */ = {
			isa = PBXFrameworksBuildPhase;
			buildActionMask = 2147483647;
			files = (
			);
			runOnlyForDeploymentPostprocessing = 0;
		};
/* End PBXFrameworksBuildPhase section */

/* Begin PBXGroup section */
		16CDB27B2AD36D5B00955DD3 = {
			isa = PBXGroup;
			children = (
				16CDB2862AD36D5B00955DD3 /* Friday */,
				16CDB2972AD36D5C00955DD3 /* FridayTests */,
				16CDB2A12AD36D5C00955DD3 /* FridayUITests */,
				16CDB2852AD36D5B00955DD3 /* Products */,
			);
			sourceTree = "<group>";
		};
		16CDB2852AD36D5B00955DD3 /* Products */ = {
			isa = PBXGroup;
			children = (
				16CDB2842AD36D5B00955DD3 /* Friday.app */,
				16CDB2942AD36D5C00955DD3 /* FridayTests.xctest */,
				16CDB29E2AD36D5C00955DD3 /* FridayUITests.xctest */,
			);
			name = Products;
			sourceTree = "<group>";
		};
		16CDB2862AD36D5B00955DD3 /* Friday */ = {
			isa = PBXGroup;
			children = (
				16CDB2872AD36D5B00955DD3 /* FridayApp.swift */,
				16CDB2892AD36D5B00955DD3 /* ContentView.swift */,
				16CDB28B2AD36D5C00955DD3 /* Assets.xcassets */,
				16CDB28D2AD36D5C00955DD3 /* Preview Content */,
			);
			path = Friday;
			sourceTree = "<group>";
		};
		16CDB28D2AD36D5C00955DD3 /* Preview Content */ = {
			isa = PBXGroup;
			children = (
				16CDB28E2AD36D5C00955DD3 /* Preview Assets.xcassets */,
			);
			path = "Preview Content";
			sourceTree = "<group>";
		};
		16CDB2972AD36D5C00955DD3 /* FridayTests */ = {
			isa = PBXGroup;
			children = (
				16CDB2982AD36D5C00955DD3 /* FridayTests.swift */,
			);
			path = FridayTests;
			sourceTree = "<group>";
		};
		16CDB2A12AD36D5C00955DD3 /* FridayUITests */ = {
			isa = PBXGroup;
			children = (
				16CDB2A22AD36D5C00955DD3 /* FridayUITests.swift */,
				16CDB2A42AD36D5C00955DD3 /* FridayUITestsLaunchTests.swift */,
			);
			path = FridayUITests;
			sourceTree = "<group>";
		};
/* End PBXGroup section */

/* Begin PBXNativeTarget section */
		16CDB2832AD36D5B00955DD3 /* Friday */ = {
			isa = PBXNativeTarget;
			buildConfigurationList = 16CDB2A82AD36D5C00955DD3 /* Build configuration list for PBXNativeTarget "Friday" */;
			buildPhases = (
				16CDB2802AD36D5B00955DD3 /* Sources */,
				16CDB2812AD36D5B00955DD3 /* Frameworks */,
				16CDB2822AD36D5B00955DD3 /* Resources */,
			);
			buildRules = (
			);
			dependencies = (
			);
			name = Friday;
			productName = Friday;
			productReference = 16CDB2842AD36D5B00955DD3 /* Friday.app */;
			productType = "com.apple.product-type.application";
		};
		16CDB2932AD36D5C00955DD3 /* FridayTests */ = {
			isa = PBXNativeTarget;
			buildConfigurationList = 16CDB2AB2AD36D5C00955DD3 /* Build configuration list for PBXNativeTarget "FridayTests" */;
			buildPhases = (
				16CDB2902AD36D5C00955DD3 /* Sources */,
				16CDB2912AD36D5C00955DD3 /* Frameworks */,
				16CDB2922AD36D5C00955DD3 /* Resources */,
			);
			buildRules = (
			);
			dependencies = (
				16CDB2962AD36D5C00955DD3 /* PBXTargetDependency */,
			);
			name = FridayTests;
			productName = FridayTests;
			productReference = 16CDB2942AD36D5C00955DD3 /* FridayTests.xctest */;
			productType = "com.apple.product-type.bundle.unit-test";
		};
		16CDB29D2AD36D5C00955DD3 /* FridayUITests */ = {
			isa = PBXNativeTarget;
			buildConfigurationList = 16CDB2AE2AD36D5C00955DD3 /* Build configuration list for PBXNativeTarget "FridayUITests" */;
			buildPhases = (
				16CDB29A2AD36D5C00955DD3 /* Sources */,
				16CDB29B2AD36D5C00955DD3 /* Frameworks */,
				16CDB29C2AD36D5C00955DD3 /* Resources */,
			);
			buildRules = (
			);
			dependencies = (
				16CDB2A02AD36D5C00955DD3 /* PBXTargetDependency */,
			);
			name = FridayUITests;
			productName = FridayUITests;
			productReference = 16CDB29E2AD36D5C00955DD3 /* FridayUITests.xctest */;
			productType = "com.apple.product-type.bundle.ui-testing";
		};
/* End PBXNativeTarget section */

/* Begin PBXProject section */
		16CDB27C2AD36D5B00955DD3 /* Project object */ = {
			isa = PBXProject;
			attributes = {
				BuildIndependentTargetsInParallel = 1;
				LastSwiftUpdateCheck = 1500;
				LastUpgradeCheck = 1500;
				TargetAttributes = {
					16CDB2832AD36D5B00955DD3 = {
						CreatedOnToolsVersion = 15.0;
					};
					16CDB2932AD36D5C00955DD3 = {
						CreatedOnToolsVersion = 15.0;
						TestTargetID = 16CDB2832AD36D5B00955DD3;
					};
					16CDB29D2AD36D5C00955DD3 = {
						CreatedOnToolsVersion = 15.0;
						TestTargetID = 16CDB2832AD36D5B00955DD3;
					};
				};
			};
			buildConfigurationList = 16CDB27F2AD36D5B00955DD3 /* Build configuration list for PBXProject "Friday" */;
			compatibilityVersion = "Xcode 14.0";
			developmentRegion = en;
			hasScannedForEncodings = 0;
			knownRegions = (
				en,
				Base,
			);
			mainGroup = 16CDB27B2AD36D5B00955DD3;
			productRefGroup = 16CDB2852AD36D5B00955DD3 /* Products */;
			projectDirPath = "";
			projectRoot = "";
			targets = (
				16CDB2832AD36D5B00955DD3 /* Friday */,
				16CDB2932AD36D5C00955DD3 /* FridayTests */,
				16CDB29D2AD36D5C00955DD3 /* FridayUITests */,
			);
		};
/* End PBXProject section */

/* Begin PBXResourcesBuildPhase section */
		16CDB2822AD36D5B00955DD3 /* Resources */ = {
			isa = PBXResourcesBuildPhase;
			buildActionMask = 2147483647;
			files = (
				16CDB28F2AD36D5C00955DD3 /* Preview Assets.xcassets in Resources */,
				16CDB28C2AD36D5C00955DD3 /* Assets.xcassets in Resources */,
			);
			runOnlyForDeploymentPostprocessing = 0;
		};
		16CDB2922AD36D5C00955DD3 /* Resources */ = {
			isa = PBXResourcesBuildPhase;
			buildActionMask = 2147483647;
			files = (
			);
			runOnlyForDeploymentPostprocessing = 0;
		};
		16CDB29C2AD36D5C00955DD3 /* Resources */ = {
			isa = PBXResourcesBuildPhase;
			buildActionMask = 2147483647;
			files = (
			);
			runOnlyForDeploymentPostprocessing = 0;
		};
/* End PBXResourcesBuildPhase section */

/* Begin PBXSourcesBuildPhase section */
		16CDB2802AD36D5B00955DD3 /* Sources */ = {
			isa = PBXSourcesBuildPhase;
			buildActionMask = 2147483647;
			files = (
				16CDB28A2AD36D5B00955DD3 /* ContentView.swift in Sources */,
				16CDB2882AD36D5B00955DD3 /* FridayApp.swift in Sources */,
			);
			runOnlyForDeploymentPostprocessing = 0;
		};
		16CDB2902AD36D5C00955DD3 /* Sources */ = {
			isa = PBXSourcesBuildPhase;
			buildActionMask = 2147483647;
			files = (
				16CDB2992AD36D5C00955DD3 /* FridayTests.swift in Sources */,
			);
			runOnlyForDeploymentPostprocessing = 0;
		};
		16CDB29A2AD36D5C00955DD3 /* Sources */ = {
			isa = PBXSourcesBuildPhase;
			buildActionMask = 2147483647;
			files = (
				16CDB2A32AD36D5C00955DD3 /* FridayUITests.swift in Sources */,
				16CDB2A52AD36D5C00955DD3 /* FridayUITestsLaunchTests.swift in Sources */,
			);
			runOnlyForDeploymentPostprocessing = 0;
		};
/* End PBXSourcesBuildPhase section */

/* Begin PBXTargetDependency section */
		16CDB2962AD36D5C00955DD3 /* PBXTargetDependency */ = {
			isa = PBXTargetDependency;
			target = 16CDB2832AD36D5B00955DD3 /* Friday */;
			targetProxy = 16CDB2952AD36D5C00955DD3 /* PBXContainerItemProxy */;
		};
		16CDB2A02AD36D5C00955DD3 /* PBXTargetDependency */ = {
			isa = PBXTargetDependency;
			target = 16CDB2832AD36D5B00955DD3 /* Friday */;
			targetProxy = 16CDB29F2AD36D5C00955DD3 /* PBXContainerItemProxy */;
		};
/* End PBXTargetDependency section */

/* Begin XCBuildConfiguration section */
		16CDB2A62AD36D5C00955DD3 /* Debug */ = {
			isa = XCBuildConfiguration;
			buildSettings = {
				ALWAYS_SEARCH_USER_PATHS = NO;
				ASSETCATALOG_COMPILER_GENERATE_SWIFT_ASSET_SYMBOL_EXTENSIONS = YES;
				CLANG_ANALYZER_NONNULL = YES;
				CLANG_ANALYZER_NUMBER_OBJECT_CONVERSION = YES_AGGRESSIVE;
				CLANG_CXX_LANGUAGE_STANDARD = "gnu++20";
				CLANG_ENABLE_MODULES = YES;
				CLANG_ENABLE_OBJC_ARC = YES;
				CLANG_ENABLE_OBJC_WEAK = YES;
				CLANG_WARN_BLOCK_CAPTURE_AUTORELEASING = YES;
				CLANG_WARN_BOOL_CONVERSION = YES;
				CLANG_WARN_COMMA = YES;
				CLANG_WARN_CONSTANT_CONVERSION = YES;
				CLANG_WARN_DEPRECATED_OBJC_IMPLEMENTATIONS = YES;
				CLANG_WARN_DIRECT_OBJC_ISA_USAGE = YES_ERROR;
				CLANG_WARN_DOCUMENTATION_COMMENTS = YES;
				CLANG_WARN_EMPTY_BODY = YES;
				CLANG_WARN_ENUM_CONVERSION = YES;
				CLANG_WARN_INFINITE_RECURSION = YES;
				CLANG_WARN_INT_CONVERSION = YES;
				CLANG_WARN_NON_LITERAL_NULL_CONVERSION = YES;
				CLANG_WARN_OBJC_IMPLICIT_RETAIN_SELF = YES;
				CLANG_WARN_OBJC_LITERAL_CONVERSION = YES;
				CLANG_WARN_OBJC_ROOT_CLASS = YES_ERROR;
				CLANG_WARN_QUOTED_INCLUDE_IN_FRAMEWORK_HEADER = YES;
				CLANG_WARN_RANGE_LOOP_ANALYSIS = YES;
				CLANG_WARN_STRICT_PROTOTYPES = YES;
				CLANG_WARN_SUSPICIOUS_MOVE = YES;
				CLANG_WARN_UNGUARDED_AVAILABILITY = YES_AGGRESSIVE;
				CLANG_WARN_UNREACHABLE_CODE = YES;
				CLANG_WARN__DUPLICATE_METHOD_MATCH = YES;
				COPY_PHASE_STRIP = NO;
				DEBUG_INFORMATION_FORMAT = dwarf;
				ENABLE_STRICT_OBJC_MSGSEND = YES;
				ENABLE_TESTABILITY = YES;
				ENABLE_USER_SCRIPT_SANDBOXING = YES;
				GCC_C_LANGUAGE_STANDARD = gnu17;
				GCC_DYNAMIC_NO_PIC = NO;
				GCC_NO_COMMON_BLOCKS = YES;
				GCC_OPTIMIZATION_LEVEL = 0;
				GCC_PREPROCESSOR_DEFINITIONS = (
					"DEBUG=1",
					"$(inherited)",
				);
				GCC_WARN_64_TO_32_BIT_CONVERSION = YES;
				GCC_WARN_ABOUT_RETURN_TYPE = YES_ERROR;
				GCC_WARN_UNDECLARED_SELECTOR = YES;
				GCC_WARN_UNINITIALIZED_AUTOS = YES_AGGRESSIVE;
				GCC_WARN_UNUSED_FUNCTION = YES;
				GCC_WARN_UNUSED_VARIABLE = YES;
				IPHONEOS_DEPLOYMENT_TARGET = 17.0;
				LOCALIZATION_PREFERS_STRING_CATALOGS = YES;
				MTL_ENABLE_DEBUG_INFO = INCLUDE_SOURCE;
				MTL_FAST_MATH = YES;
				ONLY_ACTIVE_ARCH = YES;
				SDKROOT = iphoneos;
				SWIFT_ACTIVE_COMPILATION_CONDITIONS = "DEBUG $(inherited)";
				SWIFT_OPTIMIZATION_LEVEL = "-Onone";
			};
			name = Debug;
		};
		16CDB2A72AD36D5C00955DD3 /* Release */ = {
			isa = XCBuildConfiguration;
			buildSettings = {
				ALWAYS_SEARCH_USER_PATHS = NO;
				ASSETCATALOG_COMPILER_GENERATE_SWIFT_ASSET_SYMBOL_EXTENSIONS = YES;
				CLANG_ANALYZER_NONNULL = YES;
				CLANG_ANALYZER_NUMBER_OBJECT_CONVERSION = YES_AGGRESSIVE;
				CLANG_CXX_LANGUAGE_STANDARD = "gnu++20";
				CLANG_ENABLE_MODULES = YES;
				CLANG_ENABLE_OBJC_ARC = YES;
				CLANG_ENABLE_OBJC_WEAK = YES;
				CLANG_WARN_BLOCK_CAPTURE_AUTORELEASING = YES;
				CLANG_WARN_BOOL_CONVERSION = YES;
				CLANG_WARN_COMMA = YES;
				CLANG_WARN_CONSTANT_CONVERSION = YES;
				CLANG_WARN_DEPRECATED_OBJC_IMPLEMENTATIONS = YES;
				CLANG_WARN_DIRECT_OBJC_ISA_USAGE = YES_ERROR;
				CLANG_WARN_DOCUMENTATION_COMMENTS = YES;
				CLANG_WARN_EMPTY_BODY = YES;
				CLANG_WARN_ENUM_CONVERSION = YES;
				CLANG_WARN_INFINITE_RECURSION = YES;
				CLANG_WARN_INT_CONVERSION = YES;
				CLANG_WARN_NON_LITERAL_NULL_CONVERSION = YES;
				CLANG_WARN_OBJC_IMPLICIT_RETAIN_SELF = YES;
				CLANG_WARN_OBJC_LITERAL_CONVERSION = YES;
				CLANG_WARN_OBJC_ROOT_CLASS = YES_ERROR;
				CLANG_WARN_QUOTED_INCLUDE_IN_FRAMEWORK_HEADER = YES;
				CLANG_WARN_RANGE_LOOP_ANALYSIS = YES;
				CLANG_WARN_STRICT_PROTOTYPES = YES;
				CLANG_WARN_SUSPICIOUS_MOVE = YES;
				CLANG_WARN_UNGUARDED_AVAILABILITY = YES_AGGRESSIVE;
				CLANG_WARN_UNREACHABLE_CODE = YES;
				CLANG_WARN__DUPLICATE_METHOD_MATCH = YES;
				COPY_PHASE_STRIP = NO;
				DEBUG_INFORMATION_FORMAT = "dwarf-with-dsym";
				ENABLE_NS_ASSERTIONS = NO;
				ENABLE_STRICT_OBJC_MSGSEND = YES;
				ENABLE_USER_SCRIPT_SANDBOXING = YES;
				GCC_C_LANGUAGE_STANDARD = gnu17;
				GCC_NO_COMMON_BLOCKS = YES;
				GCC_WARN_64_TO_32_BIT_CONVERSION = YES;
				GCC_WARN_ABOUT_RETURN_TYPE = YES_ERROR;
				GCC_WARN_UNDECLARED_SELECTOR = YES;
				GCC_WARN_UNINITIALIZED_AUTOS = YES_AGGRESSIVE;
				GCC_WARN_UNUSED_FUNCTION = YES;
				GCC_WARN_UNUSED_VARIABLE = YES;
				IPHONEOS_DEPLOYMENT_TARGET = 17.0;
				LOCALIZATION_PREFERS_STRING_CATALOGS = YES;
				MTL_ENABLE_DEBUG_INFO = NO;
				MTL_FAST_MATH = YES;
				SDKROOT = iphoneos;
				SWIFT_COMPILATION_MODE = wholemodule;
				VALIDATE_PRODUCT = YES;
			};
			name = Release;
		};
		16CDB2A92AD36D5C00955DD3 /* Debug */ = {
			isa = XCBuildConfiguration;
			buildSettings = {
				ASSETCATALOG_COMPILER_APPICON_NAME = AppIcon;
				ASSETCATALOG_COMPILER_GLOBAL_ACCENT_COLOR_NAME = AccentColor;
				CODE_SIGN_STYLE = Automatic;
				CURRENT_PROJECT_VERSION = 1;
				DEVELOPMENT_ASSET_PATHS = "\"Friday/Preview Content\"";
				ENABLE_PREVIEWS = YES;
				GENERATE_INFOPLIST_FILE = YES;
				INFOPLIST_KEY_UIApplicationSceneManifest_Generation = YES;
				INFOPLIST_KEY_UIApplicationSupportsIndirectInputEvents = YES;
				INFOPLIST_KEY_UILaunchScreen_Generation = YES;
				INFOPLIST_KEY_UISupportedInterfaceOrientations_iPad = "UIInterfaceOrientationPortrait UIInterfaceOrientationPortraitUpsideDown UIInterfaceOrientationLandscapeLeft UIInterfaceOrientationLandscapeRight";
				INFOPLIST_KEY_UISupportedInterfaceOrientations_iPhone = "UIInterfaceOrientationPortrait UIInterfaceOrientationLandscapeLeft UIInterfaceOrientationLandscapeRight";
				LD_RUNPATH_SEARCH_PATHS = (
					"$(inherited)",
					"@executable_path/Frameworks",
				);
				MARKETING_VERSION = 1.0;
				PRODUCT_BUNDLE_IDENTIFIER = com.namish.Friday;
				PRODUCT_NAME = "$(TARGET_NAME)";
				SWIFT_EMIT_LOC_STRINGS = YES;
				SWIFT_VERSION = 5.0;
				TARGETED_DEVICE_FAMILY = "1,2";
			};
			name = Debug;
		};
		16CDB2AA2AD36D5C00955DD3 /* Release */ = {
			isa = XCBuildConfiguration;
			buildSettings = {
				ASSETCATALOG_COMPILER_APPICON_NAME = AppIcon;
				ASSETCATALOG_COMPILER_GLOBAL_ACCENT_COLOR_NAME = AccentColor;
				CODE_SIGN_STYLE = Automatic;
				CURRENT_PROJECT_VERSION = 1;
				DEVELOPMENT_ASSET_PATHS = "\"Friday/Preview Content\"";
				ENABLE_PREVIEWS = YES;
				GENERATE_INFOPLIST_FILE = YES;
				INFOPLIST_KEY_UIApplicationSceneManifest_Generation = YES;
				INFOPLIST_KEY_UIApplicationSupportsIndirectInputEvents = YES;
				INFOPLIST_KEY_UILaunchScreen_Generation = YES;
				INFOPLIST_KEY_UISupportedInterfaceOrientations_iPad = "UIInterfaceOrientationPortrait UIInterfaceOrientationPortraitUpsideDown UIInterfaceOrientationLandscapeLeft UIInterfaceOrientationLandscapeRight";
				INFOPLIST_KEY_UISupportedInterfaceOrientations_iPhone = "UIInterfaceOrientationPortrait UIInterfaceOrientationLandscapeLeft UIInterfaceOrientationLandscapeRight";
				LD_RUNPATH_SEARCH_PATHS = (
					"$(inherited)",
					"@executable_path/Frameworks",
				);
				MARKETING_VERSION = 1.0;
				PRODUCT_BUNDLE_IDENTIFIER = com.namish.Friday;
				PRODUCT_NAME = "$(TARGET_NAME)";
				SWIFT_EMIT_LOC_STRINGS = YES;
				SWIFT_VERSION = 5.0;
				TARGETED_DEVICE_FAMILY = "1,2";
			};
			name = Release;
		};
		16CDB2AC2AD36D5C00955DD3 /* Debug */ = {
			isa = XCBuildConfiguration;
			buildSettings = {
				ALWAYS_EMBED_SWIFT_STANDARD_LIBRARIES = YES;
				BUNDLE_LOADER = "$(TEST_HOST)";
				CODE_SIGN_STYLE = Automatic;
				CURRENT_PROJECT_VERSION = 1;
				GENERATE_INFOPLIST_FILE = YES;
				IPHONEOS_DEPLOYMENT_TARGET = 17.0;
				MARKETING_VERSION = 1.0;
				PRODUCT_BUNDLE_IDENTIFIER = com.namish.FridayTests;
				PRODUCT_NAME = "$(TARGET_NAME)";
				SWIFT_EMIT_LOC_STRINGS = NO;
				SWIFT_VERSION = 5.0;
				TARGETED_DEVICE_FAMILY = "1,2";
				TEST_HOST = "$(BUILT_PRODUCTS_DIR)/Friday.app/$(BUNDLE_EXECUTABLE_FOLDER_PATH)/Friday";
			};
			name = Debug;
		};
		16CDB2AD2AD36D5C00955DD3 /* Release */ = {
			isa = XCBuildConfiguration;
			buildSettings = {
				ALWAYS_EMBED_SWIFT_STANDARD_LIBRARIES = YES;
				BUNDLE_LOADER = "$(TEST_HOST)";
				CODE_SIGN_STYLE = Automatic;
				CURRENT_PROJECT_VERSION = 1;
				GENERATE_INFOPLIST_FILE = YES;
				IPHONEOS_DEPLOYMENT_TARGET = 17.0;
				MARKETING_VERSION = 1.0;
				PRODUCT_BUNDLE_IDENTIFIER = com.namish.FridayTests;
				PRODUCT_NAME = "$(TARGET_NAME)";
				SWIFT_EMIT_LOC_STRINGS = NO;
				SWIFT_VERSION = 5.0;
				TARGETED_DEVICE_FAMILY = "1,2";
				TEST_HOST = "$(BUILT_PRODUCTS_DIR)/Friday.app/$(BUNDLE_EXECUTABLE_FOLDER_PATH)/Friday";
			};
			name = Release;
		};
		16CDB2AF2AD36D5C00955DD3 /* Debug */ = {
			isa = XCBuildConfiguration;
			buildSettings = {
				ALWAYS_EMBED_SWIFT_STANDARD_LIBRARIES = YES;
				CODE_SIGN_STYLE = Automatic;
				CURRENT_PROJECT_VERSION = 1;
				GENERATE_INFOPLIST_FILE = YES;
				MARKETING_VERSION = 1.0;
				PRODUCT_BUNDLE_IDENTIFIER = com.namish.FridayUITests;
				PRODUCT_NAME = "$(TARGET_NAME)";
				SWIFT_EMIT_LOC_STRINGS = NO;
				SWIFT_VERSION = 5.0;
				TARGETED_DEVICE_FAMILY = "1,2";
				TEST_TARGET_NAME = Friday;
			};
			name = Debug;
		};
		16CDB2B02AD36D5C00955DD3 /* Release */ = {
			isa = XCBuildConfiguration;
			buildSettings = {
				ALWAYS_EMBED_SWIFT_STANDARD_LIBRARIES = YES;
				CODE_SIGN_STYLE = Automatic;
				CURRENT_PROJECT_VERSION = 1;
				GENERATE_INFOPLIST_FILE = YES;
				MARKETING_VERSION = 1.0;
				PRODUCT_BUNDLE_IDENTIFIER = com.namish.FridayUITests;
				PRODUCT_NAME = "$(TARGET_NAME)";
				SWIFT_EMIT_LOC_STRINGS = NO;
				SWIFT_VERSION = 5.0;
				TARGETED_DEVICE_FAMILY = "1,2";
				TEST_TARGET_NAME = Friday;
			};
			name = Release;
		};
/* End XCBuildConfiguration section */

/* Begin XCConfigurationList section */
		16CDB27F2AD36D5B00955DD3 /* Build configuration list for PBXProject "Friday" */ = {
			isa = XCConfigurationList;
			buildConfigurations = (
				16CDB2A62AD36D5C00955DD3 /* Debug */,
				16CDB2A72AD36D5C00955DD3 /* Release */,
			);
			defaultConfigurationIsVisible = 0;
			defaultConfigurationName = Release;
		};
		16CDB2A82AD36D5C00955DD3 /* Build configuration list for PBXNativeTarget "Friday" */ = {
			isa = XCConfigurationList;
			buildConfigurations = (
				16CDB2A92AD36D5C00955DD3 /* Debug */,
				16CDB2AA2AD36D5C00955DD3 /* Release */,
			);
			defaultConfigurationIsVisible = 0;
			defaultConfigurationName = Release;
		};
		16CDB2AB2AD36D5C00955DD3 /* Build configuration list for PBXNativeTarget "FridayTests" */ = {
			isa = XCConfigurationList;
			buildConfigurations = (
				16CDB2AC2AD36D5C00955DD3 /* Debug */,
				16CDB2AD2AD36D5C00955DD3 /* Release */,
			);
			defaultConfigurationIsVisible = 0;
			defaultConfigurationName = Release;
		};
		16CDB2AE2AD36D5C00955DD3 /* Build configuration list for PBXNativeTarget "FridayUITests" */ = {
			isa = XCConfigurationList;
			buildConfigurations = (
				16CDB2AF2AD36D5C00955DD3 /* Debug */,
				16CDB2B02AD36D5C00955DD3 /* Release */,
			);
			defaultConfigurationIsVisible = 0;
			defaultConfigurationName = Release;
		};
/* End XCConfigurationList section */
	};
	rootObject = 16CDB27C2AD36D5B00955DD3 /* Project object */;
}
